
Microsoft Visual Studio Solution File, Format Version 12.00
# Visual Studio Version 17
VisualStudioVersion = 17.8.34511.84
MinimumVisualStudioVersion = 10.0.40219.1
Project("{9A19103F-16F7-4668-BE54-9A1E7A4F7556}") = "DataHope", "DataHope.csproj", "{6392F13F-0069-4821-B31E-614AE7A303A4}"
EndProject
Project("{9A19103F-16F7-4668-BE54-9A1E7A4F7556}") = "LibraryDataModel", "..\LibraryDataModel\LibraryDataModel.csproj", "{71AFE50D-8447-4CA6-A47A-7E3D4EA0A6B2}"
EndProject
Global
	GlobalSection(SolutionConfigurationPlatforms) = preSolution
		Debug|Any CPU = Debug|Any CPU
		Release|Any CPU = Release|Any CPU
	EndGlobalSection
	GlobalSection(ProjectConfigurationPlatforms) = postSolution
		{6392F13F-0069-4821-B31E-614AE7A303A4}.Debug|Any CPU.ActiveCfg = Debug|Any CPU
		{6392F13F-0069-4821-B31E-614AE7A303A4}.Debug|Any CPU.Build.0 = Debug|Any CPU
		{6392F13F-0069-4821-B31E-614AE7A303A4}.Release|Any CPU.ActiveCfg = Release|Any CPU
		{6392F13F-0069-4821-B31E-614AE7A303A4}.Release|Any CPU.Build.0 = Release|Any CPU
		{71AFE50D-8447-4CA6-A47A-7E3D4EA0A6B2}.Debug|Any CPU.ActiveCfg = Debug|Any CPU
		{71AFE50D-8447-4CA6-A47A-7E3D4EA0A6B2}.Debug|Any CPU.Build.0 = Debug|Any CPU
		{71AFE50D-8447-4CA6-A47A-7E3D4EA0A6B2}.Release|Any CPU.ActiveCfg = Release|Any CPU
		{71AFE50D-8447-4CA6-A47A-7E3D4EA0A6B2}.Release|Any CPU.Build.0 = Release|Any CPU
	EndGlobalSection
	GlobalSection(SolutionProperties) = preSolution
		HideSolutionNode = FALSE
	EndGlobalSection
	GlobalSection(ExtensibilityGlobals) = postSolution
		SolutionGuid = {14993F34-D12A-4A1F-901D-CD3A4CE0B3F6}
	EndGlobalSection
EndGlobal
